
Microsoft Visual Studio Solution File, Format Version 12.00
# Visual Studio Version 16
VisualStudioVersion = 16.0.30225.117
MinimumVisualStudioVersion = 10.0.40219.1
Project("{2150E333-8FDC-42A3-9474-1A3956D46DE8}") = "Solution Items", "Solution Items", "{7A9C3E6F-2B77-4CB9-BF8F-6CAFC558D3B5}"
	ProjectSection(SolutionItems) = preProject
		.dockerignore = .dockerignore
		.gitignore = .gitignore
		docker-compose.yml = docker-compose.yml
		Dockerfile = Dockerfile
		.github\workflows\dotnet-core.yml = .github\workflows\dotnet-core.yml
		Jenkinsfile = Jenkinsfile
		LICENSE = LICENSE
		README.md = README.md
	EndProjectSection
EndProject
Project("{2150E333-8FDC-42A3-9474-1A3956D46DE8}") = "src", "src", "{F0D20BCA-D0BF-49B3-B531-BD29B5971D3C}"
EndProject
Project("{9A19103F-16F7-4668-BE54-9A1E7A4F7556}") = "JustOrganize.LocationService", "src\Services\Location\JustOrganize.LocationService\JustOrganize.LocationService.csproj", "{CFA24226-59F6-4549-A914-F6D799AFF6CA}"
EndProject
Project("{2150E333-8FDC-42A3-9474-1A3956D46DE8}") = "Services", "Services", "{62A9DB95-6CF8-4393-9312-CF0FFE3190F0}"
EndProject
Project("{2150E333-8FDC-42A3-9474-1A3956D46DE8}") = "Location", "Location", "{E2A08D30-7CF3-4C07-AA13-210E2819B6F5}"
EndProject
Project("{2150E333-8FDC-42A3-9474-1A3956D46DE8}") = "Team", "Team", "{3AAD2828-B8FA-4DC6-AA3F-3453CBDF9533}"
EndProject
Project("{9A19103F-16F7-4668-BE54-9A1E7A4F7556}") = "JustOrganize.LocationService.IntegrationTests", "src\Services\Location\JustOrganize.LocationService.IntegrationTests\JustOrganize.LocationService.IntegrationTests.csproj", "{D72E2EC8-37CF-45DF-AE48-37140D81FF87}"
EndProject
Project("{9A19103F-16F7-4668-BE54-9A1E7A4F7556}") = "JustOrganize.LocationService.Tests", "src\Services\Location\JustOrganize.LocationService.Tests\JustOrganize.LocationService.Tests.csproj", "{9D5288D6-0F9A-428B-8574-9CA481910A5A}"
EndProject
Project("{9A19103F-16F7-4668-BE54-9A1E7A4F7556}") = "JustOrganize.TeamService", "src\Services\Team\JustOrganize.TeamService\JustOrganize.TeamService.csproj", "{306AFE86-0FA9-48C1-8FFC-0297D66AC0CD}"
EndProject
Project("{9A19103F-16F7-4668-BE54-9A1E7A4F7556}") = "JustOrganize.TeamService.IntegrationTests", "src\Services\Team\JustOrganize.TeamService.IntegrationTests\JustOrganize.TeamService.IntegrationTests.csproj", "{F39D7F8E-472E-419F-AC09-D935114C6075}"
EndProject
Project("{9A19103F-16F7-4668-BE54-9A1E7A4F7556}") = "JustOrganize.TeamService.Tests", "src\Services\Team\JustOrganize.TeamService.Tests\JustOrganize.TeamService.Tests.csproj", "{096156FF-5AFA-43AD-A548-09EE135887E9}"
EndProject
Global
	GlobalSection(SolutionConfigurationPlatforms) = preSolution
		Debug|Any CPU = Debug|Any CPU
		Release|Any CPU = Release|Any CPU
	EndGlobalSection
	GlobalSection(ProjectConfigurationPlatforms) = postSolution
		{CFA24226-59F6-4549-A914-F6D799AFF6CA}.Debug|Any CPU.ActiveCfg = Debug|Any CPU
		{CFA24226-59F6-4549-A914-F6D799AFF6CA}.Debug|Any CPU.Build.0 = Debug|Any CPU
		{CFA24226-59F6-4549-A914-F6D799AFF6CA}.Release|Any CPU.ActiveCfg = Release|Any CPU
		{CFA24226-59F6-4549-A914-F6D799AFF6CA}.Release|Any CPU.Build.0 = Release|Any CPU
		{D72E2EC8-37CF-45DF-AE48-37140D81FF87}.Debug|Any CPU.ActiveCfg = Debug|Any CPU
		{D72E2EC8-37CF-45DF-AE48-37140D81FF87}.Debug|Any CPU.Build.0 = Debug|Any CPU
		{D72E2EC8-37CF-45DF-AE48-37140D81FF87}.Release|Any CPU.ActiveCfg = Release|Any CPU
		{D72E2EC8-37CF-45DF-AE48-37140D81FF87}.Release|Any CPU.Build.0 = Release|Any CPU
		{9D5288D6-0F9A-428B-8574-9CA481910A5A}.Debug|Any CPU.ActiveCfg = Debug|Any CPU
		{9D5288D6-0F9A-428B-8574-9CA481910A5A}.Debug|Any CPU.Build.0 = Debug|Any CPU
		{9D5288D6-0F9A-428B-8574-9CA481910A5A}.Release|Any CPU.ActiveCfg = Release|Any CPU
		{9D5288D6-0F9A-428B-8574-9CA481910A5A}.Release|Any CPU.Build.0 = Release|Any CPU
		{306AFE86-0FA9-48C1-8FFC-0297D66AC0CD}.Debug|Any CPU.ActiveCfg = Debug|Any CPU
		{306AFE86-0FA9-48C1-8FFC-0297D66AC0CD}.Debug|Any CPU.Build.0 = Debug|Any CPU
		{306AFE86-0FA9-48C1-8FFC-0297D66AC0CD}.Release|Any CPU.ActiveCfg = Release|Any CPU
		{306AFE86-0FA9-48C1-8FFC-0297D66AC0CD}.Release|Any CPU.Build.0 = Release|Any CPU
		{F39D7F8E-472E-419F-AC09-D935114C6075}.Debug|Any CPU.ActiveCfg = Debug|Any CPU
		{F39D7F8E-472E-419F-AC09-D935114C6075}.Debug|Any CPU.Build.0 = Debug|Any CPU
		{F39D7F8E-472E-419F-AC09-D935114C6075}.Release|Any CPU.ActiveCfg = Release|Any CPU
		{F39D7F8E-472E-419F-AC09-D935114C6075}.Release|Any CPU.Build.0 = Release|Any CPU
		{096156FF-5AFA-43AD-A548-09EE135887E9}.Debug|Any CPU.ActiveCfg = Debug|Any CPU
		{096156FF-5AFA-43AD-A548-09EE135887E9}.Debug|Any CPU.Build.0 = Debug|Any CPU
		{096156FF-5AFA-43AD-A548-09EE135887E9}.Release|Any CPU.ActiveCfg = Release|Any CPU
		{096156FF-5AFA-43AD-A548-09EE135887E9}.Release|Any CPU.Build.0 = Release|Any CPU
	EndGlobalSection
	GlobalSection(SolutionProperties) = preSolution
		HideSolutionNode = FALSE
	EndGlobalSection
	GlobalSection(NestedProjects) = preSolution
		{CFA24226-59F6-4549-A914-F6D799AFF6CA} = {E2A08D30-7CF3-4C07-AA13-210E2819B6F5}
		{62A9DB95-6CF8-4393-9312-CF0FFE3190F0} = {F0D20BCA-D0BF-49B3-B531-BD29B5971D3C}
		{E2A08D30-7CF3-4C07-AA13-210E2819B6F5} = {62A9DB95-6CF8-4393-9312-CF0FFE3190F0}
		{3AAD2828-B8FA-4DC6-AA3F-3453CBDF9533} = {62A9DB95-6CF8-4393-9312-CF0FFE3190F0}
		{D72E2EC8-37CF-45DF-AE48-37140D81FF87} = {E2A08D30-7CF3-4C07-AA13-210E2819B6F5}
		{9D5288D6-0F9A-428B-8574-9CA481910A5A} = {E2A08D30-7CF3-4C07-AA13-210E2819B6F5}
		{306AFE86-0FA9-48C1-8FFC-0297D66AC0CD} = {3AAD2828-B8FA-4DC6-AA3F-3453CBDF9533}
		{F39D7F8E-472E-419F-AC09-D935114C6075} = {3AAD2828-B8FA-4DC6-AA3F-3453CBDF9533}
		{096156FF-5AFA-43AD-A548-09EE135887E9} = {3AAD2828-B8FA-4DC6-AA3F-3453CBDF9533}
	EndGlobalSection
	GlobalSection(ExtensibilityGlobals) = postSolution
		SolutionGuid = {7410AC2D-3A4B-4048-B3DB-B97B7E981F8E}
	EndGlobalSection
EndGlobal
